
Microsoft Visual Studio Solution File, Format Version 12.00
Project("{FAE04EC0-301F-11D3-BF4B-00C04F79EFBC}") = "WeddingMaster", "WeddingMaster\WeddingMaster.csproj", "{513B644E-3F2B-4ECE-A1C3-F22DCA16A212}"
EndProject
Global
	GlobalSection(SolutionConfigurationPlatforms) = preSolution
		Debug|Any CPU = Debug|Any CPU
		Release|Any CPU = Release|Any CPU
	EndGlobalSection
	GlobalSection(ProjectConfigurationPlatforms) = postSolution
		{513B644E-3F2B-4ECE-A1C3-F22DCA16A212}.Debug|Any CPU.ActiveCfg = Debug|Any CPU
		{513B644E-3F2B-4ECE-A1C3-F22DCA16A212}.Debug|Any CPU.Build.0 = Debug|Any CPU
		{513B644E-3F2B-4ECE-A1C3-F22DCA16A212}.Release|Any CPU.ActiveCfg = Release|Any CPU
		{513B644E-3F2B-4ECE-A1C3-F22DCA16A212}.Release|Any CPU.Build.0 = Release|Any CPU
	EndGlobalSection
EndGlobal
